
Microsoft Visual Studio Solution File, Format Version 12.00
# Visual Studio Version 16
VisualStudioVersion = 16.0.29519.181
MinimumVisualStudioVersion = 10.0.40219.1
Project("{2150E333-8FDC-42A3-9474-1A3956D46DE8}") = "TestFrameworks", "TestFrameworks", "{1BFC5C29-FD1C-4451-BC59-977AD9D24EF2}"
EndProject
Project("{2150E333-8FDC-42A3-9474-1A3956D46DE8}") = "TestDoubles", "TestDoubles", "{5038F920-0925-4DA6-A2CB-F745BD164E84}"
EndProject
Project("{2150E333-8FDC-42A3-9474-1A3956D46DE8}") = "WeatherForecast", "WeatherForecast", "{7DD2135D-E221-4B57-8F59-3BF9A23FA243}"
EndProject
Project("{2150E333-8FDC-42A3-9474-1A3956D46DE8}") = "Hexagon", "Hexagon", "{41392223-4DA6-49CE-B9B4-EA0239AE3F9F}"
EndProject
Project("{2150E333-8FDC-42A3-9474-1A3956D46DE8}") = "CodeKata", "CodeKata", "{8CC4BDDC-CED6-415A-803F-C171F8209576}"
EndProject
Project("{2150E333-8FDC-42A3-9474-1A3956D46DE8}") = "Money", "Money", "{2736E8E6-9F9B-4C46-85B9-6088FCC43BA2}"
EndProject
Project("{9A19103F-16F7-4668-BE54-9A1E7A4F7556}") = "TDD.CodeKata.MultiCurrency", "CodeKata\MultiCurrency\TDD.CodeKata.MultiCurrency\TDD.CodeKata.MultiCurrency.csproj", "{8DC4379E-3F7F-45FA-B432-B4AC6EA96E44}"
EndProject
Project("{9A19103F-16F7-4668-BE54-9A1E7A4F7556}") = "TestDoubles", "TestDoubles\TestDoubles.csproj", "{195C5E88-D51D-4486-BA83-BDF9528587EF}"
EndProject
Project("{9A19103F-16F7-4668-BE54-9A1E7A4F7556}") = "SimpleCalculator", "TestFrameworks\SimpleCalculator\SimpleCalculator.csproj", "{29426621-18BB-4789-85CE-86A6B680D574}"
EndProject
Project("{9A19103F-16F7-4668-BE54-9A1E7A4F7556}") = "ExUnit", "TestFrameworks\XUnit\ExUnit.csproj", "{7F4D945C-57AC-446F-B4CB-B9761D716201}"
EndProject
Project("{9A19103F-16F7-4668-BE54-9A1E7A4F7556}") = "EnUnit", "TestFrameworks\NUnit\EnUnit.csproj", "{A896AB95-41E8-4808-B302-07AA729E53FE}"
EndProject
Project("{9A19103F-16F7-4668-BE54-9A1E7A4F7556}") = "MsTest", "TestFrameworks\MsTest\MsTest.csproj", "{1972E19F-E0C1-45B9-9066-B44D9EA2A33C}"
EndProject
Project("{9A19103F-16F7-4668-BE54-9A1E7A4F7556}") = "WeatherForecast.Hexagon", "CodeKata\PortsAndAdapters\WeatherForecast.Hexagon\WeatherForecast.Hexagon.csproj", "{A6EFFD62-BDFA-41A7-B651-0BDCE1A88F1E}"
EndProject
Project("{9A19103F-16F7-4668-BE54-9A1E7A4F7556}") = "WeatherForecast.Tests", "CodeKata\PortsAndAdapters\WeatherForecast.Tests\WeatherForecast.Tests.csproj", "{718B3F3A-072E-43C3-B776-EC982E3ADDF8}"
EndProject
Project("{9A19103F-16F7-4668-BE54-9A1E7A4F7556}") = "OrderSample.Doubles", "OrderSample.Doubles\OrderSample.Doubles.csproj", "{A88B22D0-8CA5-4F3A-8505-C00D04F39876}"
EndProject
Project("{2150E333-8FDC-42A3-9474-1A3956D46DE8}") = "DriverAdapters", "DriverAdapters", "{0ECA0C87-2C00-4E02-9395-91DE44E831D5}"
EndProject
Project("{2150E333-8FDC-42A3-9474-1A3956D46DE8}") = "ConsoleAdapter", "ConsoleAdapter", "{54D8DACA-A144-43DD-9FAF-8CE8773FD516}"
EndProject
Project("{FAE04EC0-301F-11D3-BF4B-00C04F79EFBC}") = "WeatherForeCast.ConsoleAdapter", "CodeKata\PortsAndAdapters\DriverAdapters\ConsoleAdapter\WeatherForeCast.ConsoleAdapter\WeatherForeCast.ConsoleAdapter.csproj", "{479BA396-DA41-473C-8084-7BAF55EBCB8C}"
EndProject
Project("{2150E333-8FDC-42A3-9474-1A3956D46DE8}") = "SmsAdapter", "SmsAdapter", "{0887CE1E-DAD5-4888-B91E-2B4DA6E80E13}"
EndProject
Project("{FAE04EC0-301F-11D3-BF4B-00C04F79EFBC}") = "WeatherForecast.SmsAdapter", "CodeKata\PortsAndAdapters\DriverAdapters\SmsAdapter\WeatherForecast.SmsAdapter\WeatherForecast.SmsAdapter.csproj", "{6FF4187E-6295-400D-88CF-4012662960CB}"
EndProject
Project("{2150E333-8FDC-42A3-9474-1A3956D46DE8}") = "DrivenAdapters", "DrivenAdapters", "{0FB6C49F-F326-4671-BA06-3082C05EC4F0}"
EndProject
Project("{2150E333-8FDC-42A3-9474-1A3956D46DE8}") = "SmsAdapter", "SmsAdapter", "{65BED027-4D0E-4323-9C06-B26138F0E378}"
EndProject
Project("{FAE04EC0-301F-11D3-BF4B-00C04F79EFBC}") = "WeatherForecast.SmsDrivenAdapter", "CodeKata\PortsAndAdapters\DrivenAdapters\SmsAdapter\WeatherForecast.SmsDrivenAdapter\WeatherForecast.SmsDrivenAdapter.csproj", "{DC3C5723-152D-485A-A19C-556B04DB2B4F}"
EndProject
Global
	GlobalSection(SolutionConfigurationPlatforms) = preSolution
		Debug|Any CPU = Debug|Any CPU
		Release|Any CPU = Release|Any CPU
	EndGlobalSection
	GlobalSection(ProjectConfigurationPlatforms) = postSolution
		{8DC4379E-3F7F-45FA-B432-B4AC6EA96E44}.Debug|Any CPU.ActiveCfg = Debug|Any CPU
		{8DC4379E-3F7F-45FA-B432-B4AC6EA96E44}.Debug|Any CPU.Build.0 = Debug|Any CPU
		{8DC4379E-3F7F-45FA-B432-B4AC6EA96E44}.Release|Any CPU.ActiveCfg = Release|Any CPU
		{8DC4379E-3F7F-45FA-B432-B4AC6EA96E44}.Release|Any CPU.Build.0 = Release|Any CPU
		{195C5E88-D51D-4486-BA83-BDF9528587EF}.Debug|Any CPU.ActiveCfg = Debug|Any CPU
		{195C5E88-D51D-4486-BA83-BDF9528587EF}.Debug|Any CPU.Build.0 = Debug|Any CPU
		{195C5E88-D51D-4486-BA83-BDF9528587EF}.Release|Any CPU.ActiveCfg = Release|Any CPU
		{195C5E88-D51D-4486-BA83-BDF9528587EF}.Release|Any CPU.Build.0 = Release|Any CPU
		{29426621-18BB-4789-85CE-86A6B680D574}.Debug|Any CPU.ActiveCfg = Debug|Any CPU
		{29426621-18BB-4789-85CE-86A6B680D574}.Debug|Any CPU.Build.0 = Debug|Any CPU
		{29426621-18BB-4789-85CE-86A6B680D574}.Release|Any CPU.ActiveCfg = Release|Any CPU
		{29426621-18BB-4789-85CE-86A6B680D574}.Release|Any CPU.Build.0 = Release|Any CPU
		{7F4D945C-57AC-446F-B4CB-B9761D716201}.Debug|Any CPU.ActiveCfg = Debug|Any CPU
		{7F4D945C-57AC-446F-B4CB-B9761D716201}.Debug|Any CPU.Build.0 = Debug|Any CPU
		{7F4D945C-57AC-446F-B4CB-B9761D716201}.Release|Any CPU.ActiveCfg = Release|Any CPU
		{7F4D945C-57AC-446F-B4CB-B9761D716201}.Release|Any CPU.Build.0 = Release|Any CPU
		{A896AB95-41E8-4808-B302-07AA729E53FE}.Debug|Any CPU.ActiveCfg = Debug|Any CPU
		{A896AB95-41E8-4808-B302-07AA729E53FE}.Debug|Any CPU.Build.0 = Debug|Any CPU
		{A896AB95-41E8-4808-B302-07AA729E53FE}.Release|Any CPU.ActiveCfg = Release|Any CPU
		{A896AB95-41E8-4808-B302-07AA729E53FE}.Release|Any CPU.Build.0 = Release|Any CPU
		{1972E19F-E0C1-45B9-9066-B44D9EA2A33C}.Debug|Any CPU.ActiveCfg = Debug|Any CPU
		{1972E19F-E0C1-45B9-9066-B44D9EA2A33C}.Debug|Any CPU.Build.0 = Debug|Any CPU
		{1972E19F-E0C1-45B9-9066-B44D9EA2A33C}.Release|Any CPU.ActiveCfg = Release|Any CPU
		{1972E19F-E0C1-45B9-9066-B44D9EA2A33C}.Release|Any CPU.Build.0 = Release|Any CPU
		{A6EFFD62-BDFA-41A7-B651-0BDCE1A88F1E}.Debug|Any CPU.ActiveCfg = Debug|Any CPU
		{A6EFFD62-BDFA-41A7-B651-0BDCE1A88F1E}.Debug|Any CPU.Build.0 = Debug|Any CPU
		{A6EFFD62-BDFA-41A7-B651-0BDCE1A88F1E}.Release|Any CPU.ActiveCfg = Release|Any CPU
		{A6EFFD62-BDFA-41A7-B651-0BDCE1A88F1E}.Release|Any CPU.Build.0 = Release|Any CPU
		{718B3F3A-072E-43C3-B776-EC982E3ADDF8}.Debug|Any CPU.ActiveCfg = Debug|Any CPU
		{718B3F3A-072E-43C3-B776-EC982E3ADDF8}.Debug|Any CPU.Build.0 = Debug|Any CPU
		{718B3F3A-072E-43C3-B776-EC982E3ADDF8}.Release|Any CPU.ActiveCfg = Release|Any CPU
		{718B3F3A-072E-43C3-B776-EC982E3ADDF8}.Release|Any CPU.Build.0 = Release|Any CPU
		{A88B22D0-8CA5-4F3A-8505-C00D04F39876}.Debug|Any CPU.ActiveCfg = Debug|Any CPU
		{A88B22D0-8CA5-4F3A-8505-C00D04F39876}.Debug|Any CPU.Build.0 = Debug|Any CPU
		{A88B22D0-8CA5-4F3A-8505-C00D04F39876}.Release|Any CPU.ActiveCfg = Release|Any CPU
		{A88B22D0-8CA5-4F3A-8505-C00D04F39876}.Release|Any CPU.Build.0 = Release|Any CPU
		{479BA396-DA41-473C-8084-7BAF55EBCB8C}.Debug|Any CPU.ActiveCfg = Debug|Any CPU
		{479BA396-DA41-473C-8084-7BAF55EBCB8C}.Debug|Any CPU.Build.0 = Debug|Any CPU
		{479BA396-DA41-473C-8084-7BAF55EBCB8C}.Release|Any CPU.ActiveCfg = Release|Any CPU
		{479BA396-DA41-473C-8084-7BAF55EBCB8C}.Release|Any CPU.Build.0 = Release|Any CPU
		{6FF4187E-6295-400D-88CF-4012662960CB}.Debug|Any CPU.ActiveCfg = Debug|Any CPU
		{6FF4187E-6295-400D-88CF-4012662960CB}.Debug|Any CPU.Build.0 = Debug|Any CPU
		{6FF4187E-6295-400D-88CF-4012662960CB}.Release|Any CPU.ActiveCfg = Release|Any CPU
		{6FF4187E-6295-400D-88CF-4012662960CB}.Release|Any CPU.Build.0 = Release|Any CPU
		{DC3C5723-152D-485A-A19C-556B04DB2B4F}.Debug|Any CPU.ActiveCfg = Debug|Any CPU
		{DC3C5723-152D-485A-A19C-556B04DB2B4F}.Debug|Any CPU.Build.0 = Debug|Any CPU
		{DC3C5723-152D-485A-A19C-556B04DB2B4F}.Release|Any CPU.ActiveCfg = Release|Any CPU
		{DC3C5723-152D-485A-A19C-556B04DB2B4F}.Release|Any CPU.Build.0 = Release|Any CPU
	EndGlobalSection
	GlobalSection(SolutionProperties) = preSolution
		HideSolutionNode = FALSE
	EndGlobalSection
	GlobalSection(NestedProjects) = preSolution
		{41392223-4DA6-49CE-B9B4-EA0239AE3F9F} = {7DD2135D-E221-4B57-8F59-3BF9A23FA243}
		{2736E8E6-9F9B-4C46-85B9-6088FCC43BA2} = {8CC4BDDC-CED6-415A-803F-C171F8209576}
		{8DC4379E-3F7F-45FA-B432-B4AC6EA96E44} = {2736E8E6-9F9B-4C46-85B9-6088FCC43BA2}
		{195C5E88-D51D-4486-BA83-BDF9528587EF} = {5038F920-0925-4DA6-A2CB-F745BD164E84}
		{29426621-18BB-4789-85CE-86A6B680D574} = {1BFC5C29-FD1C-4451-BC59-977AD9D24EF2}
		{7F4D945C-57AC-446F-B4CB-B9761D716201} = {1BFC5C29-FD1C-4451-BC59-977AD9D24EF2}
		{A896AB95-41E8-4808-B302-07AA729E53FE} = {1BFC5C29-FD1C-4451-BC59-977AD9D24EF2}
		{1972E19F-E0C1-45B9-9066-B44D9EA2A33C} = {1BFC5C29-FD1C-4451-BC59-977AD9D24EF2}
		{A6EFFD62-BDFA-41A7-B651-0BDCE1A88F1E} = {41392223-4DA6-49CE-B9B4-EA0239AE3F9F}
		{718B3F3A-072E-43C3-B776-EC982E3ADDF8} = {7DD2135D-E221-4B57-8F59-3BF9A23FA243}
		{0ECA0C87-2C00-4E02-9395-91DE44E831D5} = {7DD2135D-E221-4B57-8F59-3BF9A23FA243}
		{54D8DACA-A144-43DD-9FAF-8CE8773FD516} = {0ECA0C87-2C00-4E02-9395-91DE44E831D5}
		{479BA396-DA41-473C-8084-7BAF55EBCB8C} = {54D8DACA-A144-43DD-9FAF-8CE8773FD516}
		{0887CE1E-DAD5-4888-B91E-2B4DA6E80E13} = {0ECA0C87-2C00-4E02-9395-91DE44E831D5}
		{6FF4187E-6295-400D-88CF-4012662960CB} = {0887CE1E-DAD5-4888-B91E-2B4DA6E80E13}
		{0FB6C49F-F326-4671-BA06-3082C05EC4F0} = {7DD2135D-E221-4B57-8F59-3BF9A23FA243}
		{65BED027-4D0E-4323-9C06-B26138F0E378} = {0FB6C49F-F326-4671-BA06-3082C05EC4F0}
		{DC3C5723-152D-485A-A19C-556B04DB2B4F} = {65BED027-4D0E-4323-9C06-B26138F0E378}
	EndGlobalSection
	GlobalSection(ExtensibilityGlobals) = postSolution
		SolutionGuid = {5EC3A930-4BC6-4E46-BAC9-524DB962BF35}
	EndGlobalSection
EndGlobal
