
Microsoft Visual Studio Solution File, Format Version 12.00
# Visual Studio Version 16
VisualStudioVersion = 16.0.29519.181
MinimumVisualStudioVersion = 10.0.40219.1
Project("{FAE04EC0-301F-11D3-BF4B-00C04F79EFBC}") = "TDD.CodeKata.MultiCurrency", "TDD.CodeKata.MultiCurrency\TDD.CodeKata.MultiCurrency.csproj", "{DCCC5225-0789-46A2-B673-D105E82AC7AF}"
EndProject
Global
	GlobalSection(SolutionConfigurationPlatforms) = preSolution
		Debug|Any CPU = Debug|Any CPU
		Release|Any CPU = Release|Any CPU
	EndGlobalSection
	GlobalSection(ProjectConfigurationPlatforms) = postSolution
		{DCCC5225-0789-46A2-B673-D105E82AC7AF}.Debug|Any CPU.ActiveCfg = Debug|Any CPU
		{DCCC5225-0789-46A2-B673-D105E82AC7AF}.Debug|Any CPU.Build.0 = Debug|Any CPU
		{DCCC5225-0789-46A2-B673-D105E82AC7AF}.Release|Any CPU.ActiveCfg = Release|Any CPU
		{DCCC5225-0789-46A2-B673-D105E82AC7AF}.Release|Any CPU.Build.0 = Release|Any CPU
	EndGlobalSection
	GlobalSection(SolutionProperties) = preSolution
		HideSolutionNode = FALSE
	EndGlobalSection
	GlobalSection(ExtensibilityGlobals) = postSolution
		SolutionGuid = {2AD40ABA-B00B-4C36-A201-C1CA6CF2B6F4}
	EndGlobalSection
EndGlobal
